
Microsoft Visual Studio Solution File, Format Version 12.00
# Visual Studio Version 17
VisualStudioVersion = 17.10.34916.146
MinimumVisualStudioVersion = 10.0.40219.1
Project("{FAE04EC0-301F-11D3-BF4B-00C04F79EFBC}") = "Administradores", "proyectoSoft\Administradores.csproj", "{F03992E9-2D28-471E-9771-17FC95FE5E79}"
EndProject
Project("{FAE04EC0-301F-11D3-BF4B-00C04F79EFBC}") = "CapaDatos", "CapaDatos\CapaDatos.csproj", "{CDF1470E-7BAC-488C-9484-32E7D0E631F5}"
EndProject
Project("{FAE04EC0-301F-11D3-BF4B-00C04F79EFBC}") = "CapaEntidad", "CapaEntidad\CapaEntidad.csproj", "{3A9A65E2-AA61-46A4-9132-7C75BF077124}"
EndProject
Project("{FAE04EC0-301F-11D3-BF4B-00C04F79EFBC}") = "CapaNegocio", "CapaNegocio\CapaNegocio.csproj", "{1FFC4A8A-197E-48D8-A9CC-5BDB4E46DCEC}"
EndProject
Project("{FAE04EC0-301F-11D3-BF4B-00C04F79EFBC}") = "Empleados", "Empleados\Empleados.csproj", "{EF8A9736-CD1B-49AD-9D85-9BD162D431AA}"
EndProject
Global
	GlobalSection(SolutionConfigurationPlatforms) = preSolution
		Debug|Any CPU = Debug|Any CPU
		Release|Any CPU = Release|Any CPU
	EndGlobalSection
	GlobalSection(ProjectConfigurationPlatforms) = postSolution
		{F03992E9-2D28-471E-9771-17FC95FE5E79}.Debug|Any CPU.ActiveCfg = Debug|Any CPU
		{F03992E9-2D28-471E-9771-17FC95FE5E79}.Debug|Any CPU.Build.0 = Debug|Any CPU
		{F03992E9-2D28-471E-9771-17FC95FE5E79}.Release|Any CPU.ActiveCfg = Release|Any CPU
		{F03992E9-2D28-471E-9771-17FC95FE5E79}.Release|Any CPU.Build.0 = Release|Any CPU
		{CDF1470E-7BAC-488C-9484-32E7D0E631F5}.Debug|Any CPU.ActiveCfg = Debug|Any CPU
		{CDF1470E-7BAC-488C-9484-32E7D0E631F5}.Debug|Any CPU.Build.0 = Debug|Any CPU
		{CDF1470E-7BAC-488C-9484-32E7D0E631F5}.Release|Any CPU.ActiveCfg = Release|Any CPU
		{CDF1470E-7BAC-488C-9484-32E7D0E631F5}.Release|Any CPU.Build.0 = Release|Any CPU
		{3A9A65E2-AA61-46A4-9132-7C75BF077124}.Debug|Any CPU.ActiveCfg = Debug|Any CPU
		{3A9A65E2-AA61-46A4-9132-7C75BF077124}.Debug|Any CPU.Build.0 = Debug|Any CPU
		{3A9A65E2-AA61-46A4-9132-7C75BF077124}.Release|Any CPU.ActiveCfg = Release|Any CPU
		{3A9A65E2-AA61-46A4-9132-7C75BF077124}.Release|Any CPU.Build.0 = Release|Any CPU
		{1FFC4A8A-197E-48D8-A9CC-5BDB4E46DCEC}.Debug|Any CPU.ActiveCfg = Debug|Any CPU
		{1FFC4A8A-197E-48D8-A9CC-5BDB4E46DCEC}.Debug|Any CPU.Build.0 = Debug|Any CPU
		{1FFC4A8A-197E-48D8-A9CC-5BDB4E46DCEC}.Release|Any CPU.ActiveCfg = Release|Any CPU
		{1FFC4A8A-197E-48D8-A9CC-5BDB4E46DCEC}.Release|Any CPU.Build.0 = Release|Any CPU
		{EF8A9736-CD1B-49AD-9D85-9BD162D431AA}.Debug|Any CPU.ActiveCfg = Debug|Any CPU
		{EF8A9736-CD1B-49AD-9D85-9BD162D431AA}.Debug|Any CPU.Build.0 = Debug|Any CPU
		{EF8A9736-CD1B-49AD-9D85-9BD162D431AA}.Release|Any CPU.ActiveCfg = Release|Any CPU
		{EF8A9736-CD1B-49AD-9D85-9BD162D431AA}.Release|Any CPU.Build.0 = Release|Any CPU
	EndGlobalSection
	GlobalSection(SolutionProperties) = preSolution
		HideSolutionNode = FALSE
	EndGlobalSection
	GlobalSection(ExtensibilityGlobals) = postSolution
		SolutionGuid = {3B56F8DD-AC62-4CAF-9A4E-A15732721F57}
	EndGlobalSection
EndGlobal
